
Microsoft Visual Studio Solution File, Format Version 12.00
# Visual Studio 2017
Project("{FAE04EC0-301F-11D3-BF4B-00C04F79EFBC}") = "SpaceShooter", "SpaceShooter.csproj", "{E2DB34C1-C76B-86AF-2C0A-4B4232B9B951}"
EndProject
Project("{FAE04EC0-301F-11D3-BF4B-00C04F79EFBC}") = "SpaceShooter.Editor", "SpaceShooter.Editor.csproj", "{5492F5C3-6900-FC38-EE09-698642B6E649}"
EndProject
Global
	GlobalSection(SolutionConfigurationPlatforms) = preSolution
		Debug|Any CPU = Debug|Any CPU
		Release|Any CPU = Release|Any CPU
	EndGlobalSection
	GlobalSection(ProjectConfigurationPlatforms) = postSolution
		{E2DB34C1-C76B-86AF-2C0A-4B4232B9B951}.Debug|Any CPU.ActiveCfg = Debug|Any CPU
		{E2DB34C1-C76B-86AF-2C0A-4B4232B9B951}.Debug|Any CPU.Build.0 = Debug|Any CPU
		{E2DB34C1-C76B-86AF-2C0A-4B4232B9B951}.Release|Any CPU.ActiveCfg = Release|Any CPU
		{E2DB34C1-C76B-86AF-2C0A-4B4232B9B951}.Release|Any CPU.Build.0 = Release|Any CPU
		{5492F5C3-6900-FC38-EE09-698642B6E649}.Debug|Any CPU.ActiveCfg = Debug|Any CPU
		{5492F5C3-6900-FC38-EE09-698642B6E649}.Debug|Any CPU.Build.0 = Debug|Any CPU
		{5492F5C3-6900-FC38-EE09-698642B6E649}.Release|Any CPU.ActiveCfg = Release|Any CPU
		{5492F5C3-6900-FC38-EE09-698642B6E649}.Release|Any CPU.Build.0 = Release|Any CPU
	EndGlobalSection
	GlobalSection(SolutionProperties) = preSolution
		HideSolutionNode = FALSE
	EndGlobalSection
EndGlobal
